
Microsoft Visual Studio Solution File, Format Version 12.00
# Visual Studio 2015
Project("{FAE04EC0-301F-11D3-BF4B-00C04F79EFBC}") = "ShooterPong.CSharp", "ShooterPong.CSharp.csproj", "{AC9057ED-2C9F-6511-0566-80B40A712261}"
EndProject
Global
	GlobalSection(SolutionConfigurationPlatforms) = preSolution
		Debug|Any CPU = Debug|Any CPU
		Release|Any CPU = Release|Any CPU
	EndGlobalSection
	GlobalSection(ProjectConfigurationPlatforms) = postSolution
		{AC9057ED-2C9F-6511-0566-80B40A712261}.Debug|Any CPU.ActiveCfg = Debug|Any CPU
		{AC9057ED-2C9F-6511-0566-80B40A712261}.Debug|Any CPU.Build.0 = Debug|Any CPU
		{AC9057ED-2C9F-6511-0566-80B40A712261}.Release|Any CPU.ActiveCfg = Release|Any CPU
		{AC9057ED-2C9F-6511-0566-80B40A712261}.Release|Any CPU.Build.0 = Release|Any CPU
	EndGlobalSection
	GlobalSection(SolutionProperties) = preSolution
		HideSolutionNode = FALSE
	EndGlobalSection
EndGlobal
